
Microsoft Visual Studio Solution File, Format Version 12.00
# Visual Studio Version 16
VisualStudioVersion = 16.0.29519.87
MinimumVisualStudioVersion = 10.0.40219.1
Project("{9A19103F-16F7-4668-BE54-9A1E7A4F7556}") = "API", "PM-FresherProject\API.csproj", "{04D6D511-B282-4ED4-B967-DDE25CC64846}"
EndProject
Project("{FAE04EC0-301F-11D3-BF4B-00C04F79EFBC}") = "Entities", "Entitties\Entities.csproj", "{B6D09642-A5CE-4BAB-B36E-24CBBA20190F}"
EndProject
Project("{9A19103F-16F7-4668-BE54-9A1E7A4F7556}") = "Services", "Services\Services.csproj", "{17FE73FF-3020-4DE2-95A7-6970D564AAA5}"
EndProject
Global
	GlobalSection(SolutionConfigurationPlatforms) = preSolution
		Debug|Any CPU = Debug|Any CPU
		Release|Any CPU = Release|Any CPU
	EndGlobalSection
	GlobalSection(ProjectConfigurationPlatforms) = postSolution
		{04D6D511-B282-4ED4-B967-DDE25CC64846}.Debug|Any CPU.ActiveCfg = Debug|Any CPU
		{04D6D511-B282-4ED4-B967-DDE25CC64846}.Debug|Any CPU.Build.0 = Debug|Any CPU
		{04D6D511-B282-4ED4-B967-DDE25CC64846}.Release|Any CPU.ActiveCfg = Release|Any CPU
		{04D6D511-B282-4ED4-B967-DDE25CC64846}.Release|Any CPU.Build.0 = Release|Any CPU
		{B6D09642-A5CE-4BAB-B36E-24CBBA20190F}.Debug|Any CPU.ActiveCfg = Debug|Any CPU
		{B6D09642-A5CE-4BAB-B36E-24CBBA20190F}.Debug|Any CPU.Build.0 = Debug|Any CPU
		{B6D09642-A5CE-4BAB-B36E-24CBBA20190F}.Release|Any CPU.ActiveCfg = Release|Any CPU
		{B6D09642-A5CE-4BAB-B36E-24CBBA20190F}.Release|Any CPU.Build.0 = Release|Any CPU
		{17FE73FF-3020-4DE2-95A7-6970D564AAA5}.Debug|Any CPU.ActiveCfg = Debug|Any CPU
		{17FE73FF-3020-4DE2-95A7-6970D564AAA5}.Debug|Any CPU.Build.0 = Debug|Any CPU
		{17FE73FF-3020-4DE2-95A7-6970D564AAA5}.Release|Any CPU.ActiveCfg = Release|Any CPU
		{17FE73FF-3020-4DE2-95A7-6970D564AAA5}.Release|Any CPU.Build.0 = Release|Any CPU
	EndGlobalSection
	GlobalSection(SolutionProperties) = preSolution
		HideSolutionNode = FALSE
	EndGlobalSection
	GlobalSection(ExtensibilityGlobals) = postSolution
		SolutionGuid = {E5992531-78A4-44EC-8B36-379ED7B76D7C}
	EndGlobalSection
EndGlobal
